
Microsoft Visual Studio Solution File, Format Version 12.00
# Visual Studio Version 17
VisualStudioVersion = 17.0.31903.59
MinimumVisualStudioVersion = 10.0.40219.1
Project("{FAE04EC0-301F-11D3-BF4B-00C04F79EFBC}") = "API", "API\API.csproj", "{42E5B650-0B11-46DA-9E73-8ECCBBC3DA37}"
EndProject
Project("{FAE04EC0-301F-11D3-BF4B-00C04F79EFBC}") = "Application", "Application\Application.csproj", "{D48E4D4E-A6A2-4B8A-87D2-17CA783843D8}"
EndProject
Project("{FAE04EC0-301F-11D3-BF4B-00C04F79EFBC}") = "Domain", "Domain\Domain.csproj", "{500D8C54-6FBE-4A97-962D-39437C0A55C6}"
EndProject
Project("{FAE04EC0-301F-11D3-BF4B-00C04F79EFBC}") = "Persistence", "Persistence\Persistence.csproj", "{D43875E3-B88C-4592-AE50-BF80BE5165E0}"
EndProject
Global
	GlobalSection(SolutionConfigurationPlatforms) = preSolution
		Debug|Any CPU = Debug|Any CPU
		Release|Any CPU = Release|Any CPU
	EndGlobalSection
	GlobalSection(SolutionProperties) = preSolution
		HideSolutionNode = FALSE
	EndGlobalSection
	GlobalSection(ProjectConfigurationPlatforms) = postSolution
		{42E5B650-0B11-46DA-9E73-8ECCBBC3DA37}.Debug|Any CPU.ActiveCfg = Debug|Any CPU
		{42E5B650-0B11-46DA-9E73-8ECCBBC3DA37}.Debug|Any CPU.Build.0 = Debug|Any CPU
		{42E5B650-0B11-46DA-9E73-8ECCBBC3DA37}.Release|Any CPU.ActiveCfg = Release|Any CPU
		{42E5B650-0B11-46DA-9E73-8ECCBBC3DA37}.Release|Any CPU.Build.0 = Release|Any CPU
		{D48E4D4E-A6A2-4B8A-87D2-17CA783843D8}.Debug|Any CPU.ActiveCfg = Debug|Any CPU
		{D48E4D4E-A6A2-4B8A-87D2-17CA783843D8}.Debug|Any CPU.Build.0 = Debug|Any CPU
		{D48E4D4E-A6A2-4B8A-87D2-17CA783843D8}.Release|Any CPU.ActiveCfg = Release|Any CPU
		{D48E4D4E-A6A2-4B8A-87D2-17CA783843D8}.Release|Any CPU.Build.0 = Release|Any CPU
		{500D8C54-6FBE-4A97-962D-39437C0A55C6}.Debug|Any CPU.ActiveCfg = Debug|Any CPU
		{500D8C54-6FBE-4A97-962D-39437C0A55C6}.Debug|Any CPU.Build.0 = Debug|Any CPU
		{500D8C54-6FBE-4A97-962D-39437C0A55C6}.Release|Any CPU.ActiveCfg = Release|Any CPU
		{500D8C54-6FBE-4A97-962D-39437C0A55C6}.Release|Any CPU.Build.0 = Release|Any CPU
		{D43875E3-B88C-4592-AE50-BF80BE5165E0}.Debug|Any CPU.ActiveCfg = Debug|Any CPU
		{D43875E3-B88C-4592-AE50-BF80BE5165E0}.Debug|Any CPU.Build.0 = Debug|Any CPU
		{D43875E3-B88C-4592-AE50-BF80BE5165E0}.Release|Any CPU.ActiveCfg = Release|Any CPU
		{D43875E3-B88C-4592-AE50-BF80BE5165E0}.Release|Any CPU.Build.0 = Release|Any CPU
	EndGlobalSection
EndGlobal
